
Microsoft Visual Studio Solution File, Format Version 12.00
# Visual Studio Version 16
VisualStudioVersion = 16.0.31613.86
MinimumVisualStudioVersion = 10.0.40219.1
Project("{9A19103F-16F7-4668-BE54-9A1E7A4F7556}") = "Tsukaeru", "Tsukaeru.csproj", "{F51F9E22-89BF-42EC-A52E-131B7003A940}"
EndProject
Project("{FAE04EC0-301F-11D3-BF4B-00C04F79EFBC}") = "TempTest", "..\TempTest\TempTest.csproj", "{2F36B6A7-967E-4120-AA9F-25A1A723F1B7}"
EndProject
Global
	GlobalSection(SolutionConfigurationPlatforms) = preSolution
		Debug|Any CPU = Debug|Any CPU
		Release|Any CPU = Release|Any CPU
	EndGlobalSection
	GlobalSection(ProjectConfigurationPlatforms) = postSolution
		{F51F9E22-89BF-42EC-A52E-131B7003A940}.Debug|Any CPU.ActiveCfg = Debug|Any CPU
		{F51F9E22-89BF-42EC-A52E-131B7003A940}.Debug|Any CPU.Build.0 = Debug|Any CPU
		{F51F9E22-89BF-42EC-A52E-131B7003A940}.Release|Any CPU.ActiveCfg = Release|Any CPU
		{F51F9E22-89BF-42EC-A52E-131B7003A940}.Release|Any CPU.Build.0 = Release|Any CPU
		{2F36B6A7-967E-4120-AA9F-25A1A723F1B7}.Debug|Any CPU.ActiveCfg = Debug|Any CPU
		{2F36B6A7-967E-4120-AA9F-25A1A723F1B7}.Debug|Any CPU.Build.0 = Debug|Any CPU
		{2F36B6A7-967E-4120-AA9F-25A1A723F1B7}.Release|Any CPU.ActiveCfg = Release|Any CPU
		{2F36B6A7-967E-4120-AA9F-25A1A723F1B7}.Release|Any CPU.Build.0 = Release|Any CPU
	EndGlobalSection
	GlobalSection(SolutionProperties) = preSolution
		HideSolutionNode = FALSE
	EndGlobalSection
	GlobalSection(ExtensibilityGlobals) = postSolution
		SolutionGuid = {625694E4-09FD-4A14-8567-7AD085F1C33F}
	EndGlobalSection
EndGlobal
